
Microsoft Visual Studio Solution File, Format Version 12.00
# Visual Studio Version 17
VisualStudioVersion = 17.12.35707.178
MinimumVisualStudioVersion = 10.0.40219.1
Project("{FAE04EC0-301F-11D3-BF4B-00C04F79EFBC}") = "Autoservice.DataAccounting", "Autoservice.DataAccounting\Autoservice.DataAccounting.csproj", "{2FA8CEDE-556B-4DEB-A558-E2FD337EBEB3}"
EndProject
Project("{FAE04EC0-301F-11D3-BF4B-00C04F79EFBC}") = "Common", "Common\Common.csproj", "{FA22B174-DE08-429C-9685-0524A45018CD}"
EndProject
Project("{FAE04EC0-301F-11D3-BF4B-00C04F79EFBC}") = "Autoservice.UI", "Autoservice.UI\Autoservice.UI.csproj", "{233E85CA-B28C-4447-8466-DECE9C8485D3}"
EndProject
Project("{2150E333-8FDC-42A3-9474-1A3956D46DE8}") = "Applications(1-8)", "Applications(1-8)", "{3685848E-958B-4553-BE59-031ED0D3784A}"
EndProject
Project("{2150E333-8FDC-42A3-9474-1A3956D46DE8}") = "SubjectAreaLibraries(1-8)", "SubjectAreaLibraries(1-8)", "{64A97B46-3DEC-4338-B014-684A29B6ED68}"
EndProject
Project("{2150E333-8FDC-42A3-9474-1A3956D46DE8}") = "CommonLibraries", "CommonLibraries", "{6CD1523D-D166-42F9-AF8E-59B754BCD08D}"
EndProject
Project("{FAE04EC0-301F-11D3-BF4B-00C04F79EFBC}") = "Common.Formatting.Tables", "Common.Formatting.Tables\Common.Formatting.Tables.csproj", "{658C3553-A42E-4DB7-8FB1-B9EBD8EB9DBE}"
EndProject
Project("{FAE04EC0-301F-11D3-BF4B-00C04F79EFBC}") = "Autoservice.Forms", "Autoservice.Forms\Autoservice.Forms.csproj", "{335F01D8-CFD0-4684-BFE3-C05F89B59DF7}"
EndProject
Project("{FAE04EC0-301F-11D3-BF4B-00C04F79EFBC}") = "Autoservice.ConsoleEditor", "Autoservice.ConsoleEditor\Autoservice.ConsoleEditor.csproj", "{6788CBD1-051F-486F-AD1F-E39032373189}"
EndProject
Project("{FAE04EC0-301F-11D3-BF4B-00C04F79EFBC}") = "Autoservice", "Autoservice\Autoservice.csproj", "{8B3D8A7C-0972-4DF4-B4C8-9215354B0F5B}"
EndProject
Project("{FAE04EC0-301F-11D3-BF4B-00C04F79EFBC}") = "Common.Data", "Common.Data\Common.Data.csproj", "{2FBF9F92-74E3-4033-A4E0-C7AB62FE923D}"
EndProject
Project("{FAE04EC0-301F-11D3-BF4B-00C04F79EFBC}") = "Common.Processing", "Common.Processing\Common.Processing.csproj", "{B334980B-FAF1-4327-9A5E-4FF2DCF7EE4B}"
EndProject
Project("{FAE04EC0-301F-11D3-BF4B-00C04F79EFBC}") = "Common.ConsoleUI", "Common.ConsoleUI\Common.ConsoleUI.csproj", "{A94F141D-BB83-4EA1-947C-B5E73A8B85EE}"
EndProject
Project("{FAE04EC0-301F-11D3-BF4B-00C04F79EFBC}") = "Autoservice.Processing", "Autoservice.Processing\Autoservice.Processing.csproj", "{BBAE6E2A-B2ED-47B9-8873-EB76101CA7AB}"
EndProject
Global
	GlobalSection(SolutionConfigurationPlatforms) = preSolution
		Debug|Any CPU = Debug|Any CPU
		Release|Any CPU = Release|Any CPU
	EndGlobalSection
	GlobalSection(ProjectConfigurationPlatforms) = postSolution
		{2FA8CEDE-556B-4DEB-A558-E2FD337EBEB3}.Debug|Any CPU.ActiveCfg = Debug|Any CPU
		{2FA8CEDE-556B-4DEB-A558-E2FD337EBEB3}.Debug|Any CPU.Build.0 = Debug|Any CPU
		{2FA8CEDE-556B-4DEB-A558-E2FD337EBEB3}.Release|Any CPU.ActiveCfg = Release|Any CPU
		{2FA8CEDE-556B-4DEB-A558-E2FD337EBEB3}.Release|Any CPU.Build.0 = Release|Any CPU
		{FA22B174-DE08-429C-9685-0524A45018CD}.Debug|Any CPU.ActiveCfg = Debug|Any CPU
		{FA22B174-DE08-429C-9685-0524A45018CD}.Debug|Any CPU.Build.0 = Debug|Any CPU
		{FA22B174-DE08-429C-9685-0524A45018CD}.Release|Any CPU.ActiveCfg = Release|Any CPU
		{FA22B174-DE08-429C-9685-0524A45018CD}.Release|Any CPU.Build.0 = Release|Any CPU
		{233E85CA-B28C-4447-8466-DECE9C8485D3}.Debug|Any CPU.ActiveCfg = Debug|Any CPU
		{233E85CA-B28C-4447-8466-DECE9C8485D3}.Debug|Any CPU.Build.0 = Debug|Any CPU
		{233E85CA-B28C-4447-8466-DECE9C8485D3}.Release|Any CPU.ActiveCfg = Release|Any CPU
		{233E85CA-B28C-4447-8466-DECE9C8485D3}.Release|Any CPU.Build.0 = Release|Any CPU
		{658C3553-A42E-4DB7-8FB1-B9EBD8EB9DBE}.Debug|Any CPU.ActiveCfg = Debug|Any CPU
		{658C3553-A42E-4DB7-8FB1-B9EBD8EB9DBE}.Debug|Any CPU.Build.0 = Debug|Any CPU
		{658C3553-A42E-4DB7-8FB1-B9EBD8EB9DBE}.Release|Any CPU.ActiveCfg = Release|Any CPU
		{658C3553-A42E-4DB7-8FB1-B9EBD8EB9DBE}.Release|Any CPU.Build.0 = Release|Any CPU
		{335F01D8-CFD0-4684-BFE3-C05F89B59DF7}.Debug|Any CPU.ActiveCfg = Debug|Any CPU
		{335F01D8-CFD0-4684-BFE3-C05F89B59DF7}.Debug|Any CPU.Build.0 = Debug|Any CPU
		{335F01D8-CFD0-4684-BFE3-C05F89B59DF7}.Release|Any CPU.ActiveCfg = Release|Any CPU
		{335F01D8-CFD0-4684-BFE3-C05F89B59DF7}.Release|Any CPU.Build.0 = Release|Any CPU
		{6788CBD1-051F-486F-AD1F-E39032373189}.Debug|Any CPU.ActiveCfg = Debug|Any CPU
		{6788CBD1-051F-486F-AD1F-E39032373189}.Debug|Any CPU.Build.0 = Debug|Any CPU
		{6788CBD1-051F-486F-AD1F-E39032373189}.Release|Any CPU.ActiveCfg = Release|Any CPU
		{6788CBD1-051F-486F-AD1F-E39032373189}.Release|Any CPU.Build.0 = Release|Any CPU
		{8B3D8A7C-0972-4DF4-B4C8-9215354B0F5B}.Debug|Any CPU.ActiveCfg = Debug|Any CPU
		{8B3D8A7C-0972-4DF4-B4C8-9215354B0F5B}.Debug|Any CPU.Build.0 = Debug|Any CPU
		{8B3D8A7C-0972-4DF4-B4C8-9215354B0F5B}.Release|Any CPU.ActiveCfg = Release|Any CPU
		{8B3D8A7C-0972-4DF4-B4C8-9215354B0F5B}.Release|Any CPU.Build.0 = Release|Any CPU
		{2FBF9F92-74E3-4033-A4E0-C7AB62FE923D}.Debug|Any CPU.ActiveCfg = Debug|Any CPU
		{2FBF9F92-74E3-4033-A4E0-C7AB62FE923D}.Debug|Any CPU.Build.0 = Debug|Any CPU
		{2FBF9F92-74E3-4033-A4E0-C7AB62FE923D}.Release|Any CPU.ActiveCfg = Release|Any CPU
		{2FBF9F92-74E3-4033-A4E0-C7AB62FE923D}.Release|Any CPU.Build.0 = Release|Any CPU
		{B334980B-FAF1-4327-9A5E-4FF2DCF7EE4B}.Debug|Any CPU.ActiveCfg = Debug|Any CPU
		{B334980B-FAF1-4327-9A5E-4FF2DCF7EE4B}.Debug|Any CPU.Build.0 = Debug|Any CPU
		{B334980B-FAF1-4327-9A5E-4FF2DCF7EE4B}.Release|Any CPU.ActiveCfg = Release|Any CPU
		{B334980B-FAF1-4327-9A5E-4FF2DCF7EE4B}.Release|Any CPU.Build.0 = Release|Any CPU
		{A94F141D-BB83-4EA1-947C-B5E73A8B85EE}.Debug|Any CPU.ActiveCfg = Debug|Any CPU
		{A94F141D-BB83-4EA1-947C-B5E73A8B85EE}.Debug|Any CPU.Build.0 = Debug|Any CPU
		{A94F141D-BB83-4EA1-947C-B5E73A8B85EE}.Release|Any CPU.ActiveCfg = Release|Any CPU
		{A94F141D-BB83-4EA1-947C-B5E73A8B85EE}.Release|Any CPU.Build.0 = Release|Any CPU
		{BBAE6E2A-B2ED-47B9-8873-EB76101CA7AB}.Debug|Any CPU.ActiveCfg = Debug|Any CPU
		{BBAE6E2A-B2ED-47B9-8873-EB76101CA7AB}.Debug|Any CPU.Build.0 = Debug|Any CPU
		{BBAE6E2A-B2ED-47B9-8873-EB76101CA7AB}.Release|Any CPU.ActiveCfg = Release|Any CPU
		{BBAE6E2A-B2ED-47B9-8873-EB76101CA7AB}.Release|Any CPU.Build.0 = Release|Any CPU
	EndGlobalSection
	GlobalSection(SolutionProperties) = preSolution
		HideSolutionNode = FALSE
	EndGlobalSection
	GlobalSection(NestedProjects) = preSolution
		{2FA8CEDE-556B-4DEB-A558-E2FD337EBEB3} = {3685848E-958B-4553-BE59-031ED0D3784A}
		{FA22B174-DE08-429C-9685-0524A45018CD} = {6CD1523D-D166-42F9-AF8E-59B754BCD08D}
		{233E85CA-B28C-4447-8466-DECE9C8485D3} = {64A97B46-3DEC-4338-B014-684A29B6ED68}
		{658C3553-A42E-4DB7-8FB1-B9EBD8EB9DBE} = {6CD1523D-D166-42F9-AF8E-59B754BCD08D}
		{335F01D8-CFD0-4684-BFE3-C05F89B59DF7} = {64A97B46-3DEC-4338-B014-684A29B6ED68}
		{6788CBD1-051F-486F-AD1F-E39032373189} = {3685848E-958B-4553-BE59-031ED0D3784A}
		{8B3D8A7C-0972-4DF4-B4C8-9215354B0F5B} = {64A97B46-3DEC-4338-B014-684A29B6ED68}
		{2FBF9F92-74E3-4033-A4E0-C7AB62FE923D} = {6CD1523D-D166-42F9-AF8E-59B754BCD08D}
		{B334980B-FAF1-4327-9A5E-4FF2DCF7EE4B} = {6CD1523D-D166-42F9-AF8E-59B754BCD08D}
		{A94F141D-BB83-4EA1-947C-B5E73A8B85EE} = {6CD1523D-D166-42F9-AF8E-59B754BCD08D}
		{BBAE6E2A-B2ED-47B9-8873-EB76101CA7AB} = {64A97B46-3DEC-4338-B014-684A29B6ED68}
	EndGlobalSection
EndGlobal
